PODS:
  - Alamofire (5.6.4)
  - Flying (0.1.1):
    - HandyJSON
    - Moya
  - HandyJSON (5.0.2)
  - Moya (15.0.0):
    - Moya/Core (= 15.0.0)
  - Moya/Core (15.0.0):
    - Alamofire (~> 5.0)

DEPENDENCIES:
  - Flying (from `../`)
  - HandyJSON
  - Moya

SPEC REPOS:
  trunk:
    - Alamofire
    - HandyJSON
    - Moya

EXTERNAL SOURCES:
  Flying:
    :path: "../"

SPEC CHECKSUMS:
  Alamofire: 4e95d97098eacb88856099c4fc79b526a299e48c
  Flying: a268ba1d3cd35f268311dd9a811d43c7ce0530b2
  HandyJSON: 9e4e236f5d2dbefad5155a77417bbea438201c03
  Moya: 138f0573e53411fb3dc17016add0b748dfbd78ee

PODFILE CHECKSUM: 3294c4618ecab0f687cfe2acebaf5e3c6efcf928

COCOAPODS: 1.12.1
